
Microsoft Visual Studio Solution File, Format Version 12.00
# Visual Studio Version 16
VisualStudioVersion = 16.0.31129.286
MinimumVisualStudioVersion = 10.0.40219.1
Project("{FAE04EC0-301F-11D3-BF4B-00C04F79EFBC}") = "SignalRChat", "SignalRChat\SignalRChat.csproj", "{58515BC9-EAD7-407A-BB30-0859C5325329}"
EndProject
Global
	GlobalSection(SolutionConfigurationPlatforms) = preSolution
		Debug|Any CPU = Debug|Any CPU
		Release|Any CPU = Release|Any CPU
	EndGlobalSection
	GlobalSection(ProjectConfigurationPlatforms) = postSolution
		{58515BC9-EAD7-407A-BB30-0859C5325329}.Debug|Any CPU.ActiveCfg = Debug|Any CPU
		{58515BC9-EAD7-407A-BB30-0859C5325329}.Debug|Any CPU.Build.0 = Debug|Any CPU
		{58515BC9-EAD7-407A-BB30-0859C5325329}.Release|Any CPU.ActiveCfg = Release|Any CPU
		{58515BC9-EAD7-407A-BB30-0859C5325329}.Release|Any CPU.Build.0 = Release|Any CPU
	EndGlobalSection
	GlobalSection(SolutionProperties) = preSolution
		HideSolutionNode = FALSE
	EndGlobalSection
	GlobalSection(ExtensibilityGlobals) = postSolution
		SolutionGuid = {6AC13757-B589-4DD9-950C-0B5FF5FF1D71}
	EndGlobalSection
EndGlobal
